
Microsoft Visual Studio Solution File, Format Version 12.00
# Visual Studio Version 17
VisualStudioVersion = 17.0.31903.59
MinimumVisualStudioVersion = 10.0.40219.1
Project("{FAE04EC0-301F-11D3-BF4B-00C04F79EFBC}") = "UrbanMemory.Api", "UrbanMemory.Api\UrbanMemory.Api.csproj", "{28B5F5B9-CEFE-4024-8B7A-FB151219F8DD}"
EndProject
Project("{FAE04EC0-301F-11D3-BF4B-00C04F79EFBC}") = "urban-memory.Domain", "urban-memory.Domain\urban-memory.Domain.csproj", "{CFD34280-4C2D-462C-A93B-89BA822945F8}"
EndProject
Global
	GlobalSection(SolutionConfigurationPlatforms) = preSolution
		Debug|Any CPU = Debug|Any CPU
		Release|Any CPU = Release|Any CPU
	EndGlobalSection
	GlobalSection(SolutionProperties) = preSolution
		HideSolutionNode = FALSE
	EndGlobalSection
	GlobalSection(ProjectConfigurationPlatforms) = postSolution
		{28B5F5B9-CEFE-4024-8B7A-FB151219F8DD}.Debug|Any CPU.ActiveCfg = Debug|Any CPU
		{28B5F5B9-CEFE-4024-8B7A-FB151219F8DD}.Debug|Any CPU.Build.0 = Debug|Any CPU
		{28B5F5B9-CEFE-4024-8B7A-FB151219F8DD}.Release|Any CPU.ActiveCfg = Release|Any CPU
		{28B5F5B9-CEFE-4024-8B7A-FB151219F8DD}.Release|Any CPU.Build.0 = Release|Any CPU
		{CFD34280-4C2D-462C-A93B-89BA822945F8}.Debug|Any CPU.ActiveCfg = Debug|Any CPU
		{CFD34280-4C2D-462C-A93B-89BA822945F8}.Debug|Any CPU.Build.0 = Debug|Any CPU
		{CFD34280-4C2D-462C-A93B-89BA822945F8}.Release|Any CPU.ActiveCfg = Release|Any CPU
		{CFD34280-4C2D-462C-A93B-89BA822945F8}.Release|Any CPU.Build.0 = Release|Any CPU
	EndGlobalSection
EndGlobal
